{
  "originHash" : "acc19b4882e6bd4a94285f7e0b52dafd119c024bc59b095e2381622338269b54",
  "pins" : [
    {
      "identity" : "mixpanel-swift",
      "kind" : "remoteSourceControl",
      "location" : "https://github.com/mixpanel/mixpanel-swift",
      "state" : {
        "branch" : "master",
        "revision" : "e7869c433ee01cdc52aa14abf636fe0b412d72f8"
      }
    }
  ],
  "version" : 3
}
